<?xml version="1.0" encoding="utf-8"?>
<Project ToolsVersion="4.0" xmlns="http://schemas.microsoft.com/developer/msbuild/2003">
  <ItemGroup>
    <Filter Include="Source Files">
      <UniqueIdentifier>{4FC737F1-C7A5-4376-A066-2A32D752A2FF}</UniqueIdentifier>
      <Extensions>cpp;c;cc;cxx;c++;cppm;ixx;def;odl;idl;hpj;bat;asm;asmx</Extensions>
    </Filter>
    <Filter Include="Header Files">
      <UniqueIdentifier>{93995380-89BD-4b04-88EB-625FBE52EBFB}</UniqueIdentifier>
      <Extensions>h;hh;hpp;hxx;h++;hm;inl;inc;ipp;xsd</Extensions>
    </Filter>
    <Filter Include="Resource Files">
      <UniqueIdentifier>{67DA6AB6-F800-4c08-8B7A-83BB121AAD01}</UniqueIdentifier>
      <Extensions>rc;ico;cur;bmp;dlg;rc2;rct;bin;rgs;gif;jpg;jpeg;jpe;resx;tiff;tif;png;wav;mfcribbon-ms</Extensions>
    </Filter>
    <Filter Include="Header Files\Data">
      <UniqueIdentifier>{cf68c664-c758-4451-bd04-a8cd61e82fdc}</UniqueIdentifier>
    </Filter>
    <Filter Include="Header Files\Visualization">
      <UniqueIdentifier>{f741bd6a-4a97-4cdf-9354-e40c70312a58}</UniqueIdentifier>
    </Filter>
    <Filter Include="Source Files\Visualization">
      <UniqueIdentifier>{07a297db-6ec9-418c-9cee-3b59c5475309}</UniqueIdentifier>
    </Filter>
    <Filter Include="Header Files\Tool">
      <UniqueIdentifier>{17606c29-3d6a-4031-908e-b17ef6c0253f}</UniqueIdentifier>
    </Filter>
    <Filter Include="Source Files\Tool">
      <UniqueIdentifier>{62f02d0c-4771-49fb-af16-0531a297b832}</UniqueIdentifier>
    </Filter>
    <Filter Include="Header Files\ProcessingAlgorithms">
      <UniqueIdentifier>{43f02cfe-5ce8-4912-8c83-45d1054848a1}</UniqueIdentifier>
    </Filter>
    <Filter Include="Resource Files\Meshes">
      <UniqueIdentifier>{af25d861-5ec4-471c-be78-b79a1b9a8069}</UniqueIdentifier>
    </Filter>
  </ItemGroup>
  <ItemGroup>
    <ClCompile Include="glad.c">
      <Filter>Resource Files</Filter>
    </ClCompile>
    <ClCompile Include="GLFWCanvas.cpp">
      <Filter>Source Files</Filter>
    </ClCompile>
    <ClCompile Include="main.cpp">
      <Filter>Source Files</Filter>
    </ClCompile>
    <ClCompile Include="Globals.cpp">
      <Filter>Source Files</Filter>
    </ClCompile>
    <ClCompile Include="VisGroup.cpp">
      <Filter>Source Files\Visualization</Filter>
    </ClCompile>
    <ClCompile Include="VisPrimitive.cpp">
      <Filter>Source Files\Visualization</Filter>
    </ClCompile>
    <ClCompile Include="ToolFPSCamera.cpp">
      <Filter>Source Files\Tool</Filter>
    </ClCompile>
    <ClCompile Include="ToolOrbitCamera.cpp">
      <Filter>Source Files\Tool</Filter>
    </ClCompile>
    <ClCompile Include="VisGrid.cpp">
      <Filter>Source Files\Visualization</Filter>
    </ClCompile>
    <ClCompile Include="Debug.cpp">
      <Filter>Source Files</Filter>
    </ClCompile>
  </ItemGroup>
  <ItemGroup>
    <Text Include="difusse_fragment_shader.txt">
      <Filter>Resource Files</Filter>
    </Text>
    <Text Include="difusse_vertex_shader.txt">
      <Filter>Resource Files</Filter>
    </Text>
    <Text Include="Meshes\sphere_3k_faces.txt">
      <Filter>Resource Files\Meshes</Filter>
    </Text>
    <Text Include="Meshes\sphere_3k_points.txt">
      <Filter>Resource Files\Meshes</Filter>
    </Text>
    <Text Include="Meshes\spheroid_45k_faces.txt">
      <Filter>Resource Files\Meshes</Filter>
    </Text>
    <Text Include="Meshes\spheroid_45k_points.txt">
      <Filter>Resource Files\Meshes</Filter>
    </Text>
    <Text Include="Meshes\testmesh_45e_faces.txt">
      <Filter>Resource Files\Meshes</Filter>
    </Text>
    <Text Include="Meshes\testmesh_45e_points.txt">
      <Filter>Resource Files\Meshes</Filter>
    </Text>
    <Text Include="light_fragment_shader.txt">
      <Filter>Resource Files</Filter>
    </Text>
    <Text Include="light_vertex_shader.txt">
      <Filter>Resource Files</Filter>
    </Text>
    <Text Include="Meshes\flange_mf_282k_faces.txt">
      <Filter>Resource Files\Meshes</Filter>
    </Text>
    <Text Include="Meshes\flange_mf_282k_points.txt">
      <Filter>Resource Files\Meshes</Filter>
    </Text>
    <Text Include="Meshes\testmesh_45e_neighbour.txt">
      <Filter>Resource Files\Meshes</Filter>
    </Text>
    <Text Include="Meshes\testmesh_45e_owner.txt">
      <Filter>Resource Files\Meshes</Filter>
    </Text>
    <Text Include="Meshes\testmesh_45e_boundary.txt">
      <Filter>Resource Files\Meshes</Filter>
    </Text>
    <Text Include="Meshes\flange_mf_282k_boundary.txt">
      <Filter>Resource Files\Meshes</Filter>
    </Text>
    <Text Include="Meshes\flange_mf_282k_neighbour.txt">
      <Filter>Resource Files\Meshes</Filter>
    </Text>
    <Text Include="Meshes\flange_mf_282k_owner.txt">
      <Filter>Resource Files\Meshes</Filter>
    </Text>
    <Text Include="Meshes\spheroid_45k_boundary.txt">
      <Filter>Resource Files\Meshes</Filter>
    </Text>
    <Text Include="Meshes\spheroid_45k_neighbour.txt">
      <Filter>Resource Files\Meshes</Filter>
    </Text>
    <Text Include="Meshes\spheroid_45k_owner.txt">
      <Filter>Resource Files\Meshes</Filter>
    </Text>
    <Text Include="Meshes\sphere_3k_boundary.txt">
      <Filter>Resource Files\Meshes</Filter>
    </Text>
    <Text Include="Meshes\sphere_3k_neighbour.txt">
      <Filter>Resource Files\Meshes</Filter>
    </Text>
    <Text Include="Meshes\sphere_3k_owner.txt">
      <Filter>Resource Files\Meshes</Filter>
    </Text>
  </ItemGroup>
  <ItemGroup>
    <ClInclude Include="Globals.h">
      <Filter>Header Files</Filter>
    </ClInclude>
    <ClInclude Include="shader_s.h">
      <Filter>Header Files</Filter>
    </ClInclude>
    <ClInclude Include="GLFWCanvas.h">
      <Filter>Header Files</Filter>
    </ClInclude>
    <ClInclude Include="DataStructureBase.h">
      <Filter>Header Files\Data</Filter>
    </ClInclude>
    <ClInclude Include="DataVector.h">
      <Filter>Header Files\Data</Filter>
    </ClInclude>
    <ClInclude Include="main.h">
      <Filter>Header Files</Filter>
    </ClInclude>
    <ClInclude Include="Tool.h">
      <Filter>Header Files\Tool</Filter>
    </ClInclude>
    <ClInclude Include="ToolFPSCamera.h">
      <Filter>Header Files\Tool</Filter>
    </ClInclude>
    <ClInclude Include="PATriangulate.h">
      <Filter>Header Files\ProcessingAlgorithms</Filter>
    </ClInclude>
    <ClInclude Include="PACalcNormals.h">
      <Filter>Header Files\ProcessingAlgorithms</Filter>
    </ClInclude>
    <ClInclude Include="PMeshParser.h">
      <Filter>Header Files</Filter>
    </ClInclude>
    <ClInclude Include="ToolOrbitCamera.h">
      <Filter>Header Files\Tool</Filter>
    </ClInclude>
    <ClInclude Include="VisCellFacesTesting.h">
      <Filter>Header Files\Visualization</Filter>
    </ClInclude>
    <ClInclude Include="VisGroup.h">
      <Filter>Header Files\Visualization</Filter>
    </ClInclude>
    <ClInclude Include="VisGrid.h">
      <Filter>Header Files\Visualization</Filter>
    </ClInclude>
    <ClInclude Include="VisBase.h">
      <Filter>Header Files\Visualization</Filter>
    </ClInclude>
    <ClInclude Include="VisPrimitive.h">
      <Filter>Header Files\Visualization</Filter>
    </ClInclude>
    <ClInclude Include="PAUniformSample.h">
      <Filter>Header Files\ProcessingAlgorithms</Filter>
    </ClInclude>
    <ClInclude Include="Face.h">
      <Filter>Header Files\Data</Filter>
    </ClInclude>
    <ClInclude Include="PAFaceIndexTriangulate.h">
      <Filter>Header Files\ProcessingAlgorithms</Filter>
    </ClInclude>
    <ClInclude Include="PACalcCDF.h">
      <Filter>Header Files\ProcessingAlgorithms</Filter>
    </ClInclude>
    <ClInclude Include="PAInvTransformSample.h">
      <Filter>Header Files\ProcessingAlgorithms</Filter>
    </ClInclude>
    <ClInclude Include="PAGenerateCells.h">
      <Filter>Header Files\ProcessingAlgorithms</Filter>
    </ClInclude>
    <ClInclude Include="Cell.h">
      <Filter>Header Files\Data</Filter>
    </ClInclude>
    <ClInclude Include="PAReconstructCells.h">
      <Filter>Header Files\ProcessingAlgorithms</Filter>
    </ClInclude>
    <ClInclude Include="PACalcCellVolume.h">
      <Filter>Header Files\ProcessingAlgorithms</Filter>
    </ClInclude>
    <ClInclude Include="PACreateFaceData.h">
      <Filter>Header Files\ProcessingAlgorithms</Filter>
    </ClInclude>
    <ClInclude Include="PACalcCellCentroid.h">
      <Filter>Header Files\ProcessingAlgorithms</Filter>
    </ClInclude>
    <ClInclude Include="Debug.h">
      <Filter>Header Files</Filter>
    </ClInclude>
  </ItemGroup>
</Project>